// !$*UTF8*$!
{
	archiveVersion = 1;
	classes = {
	};
	objectVersion = 56;
	objects = {

/* Begin PBXBuildFile section */
		2DA23A2B2B4D2C8400E99D00 /* AppDelegate.swift in Sources */ = {isa = PBXBuildFile; fileRef = 2DA23A2A2B4D2C8400E99D00 /* AppDelegate.swift */; };
		2DA23A2D2B4D2C8400E99D00 /* SceneDelegate.swift in Sources */ = {isa = PBXBuildFile; fileRef = 2DA23A2C2B4D2C8400E99D00 /* SceneDelegate.swift */; };
		2DA23A2F2B4D2C8400E99D00 /* ViewController.swift in Sources */ = {isa = PBXBuildFile; fileRef = 2DA23A2E2B4D2C8400E99D00 /* ViewController.swift */; };
		2DA23A322B4D2C8400E99D00 /* Main.storyboard in Resources */ = {isa = PBXBuildFile; fileRef = 2DA23A302B4D2C8400E99D00 /* Main.storyboard */; };
		2DA23A342B4D2C8500E99D00 /* Assets.xcassets in Resources */ = {isa = PBXBuildFile; fileRef = 2DA23A332B4D2C8500E99D00 /* Assets.xcassets */; };
		2DA23A372B4D2C8500E99D00 /* LaunchScreen.storyboard in Resources */ = {isa = PBXBuildFile; fileRef = 2DA23A352B4D2C8500E99D00 /* LaunchScreen.storyboard */; };
		2DA23A422B4D2C8500E99D00 /* mobileutilsTests.swift in Sources */ = {isa = PBXBuildFile; fileRef = 2DA23A412B4D2C8500E99D00 /* mobileutilsTests.swift */; };
		2DA23A4C2B4D2C8500E99D00 /* mobileutilsUITests.swift in Sources */ = {isa = PBXBuildFile; fileRef = 2DA23A4B2B4D2C8500E99D00 /* mobileutilsUITests.swift */; };
		2DA23A4E2B4D2C8500E99D00 /* mobileutilsUITestsLaunchTests.swift in Sources */ = {isa = PBXBuildFile; fileRef = 2DA23A4D2B4D2C8500E99D00 /* mobileutilsUITestsLaunchTests.swift */; };
		2DA23A5C2B4D2CA500E99D00 /* OSLog.framework in Frameworks */ = {isa = PBXBuildFile; fileRef = 2DA23A5B2B4D2CA500E99D00 /* OSLog.framework */; };
/* End PBXBuildFile section */

/* Begin PBXContainerItemProxy section */
		2DA23A3E2B4D2C8500E99D00 /* PBXContainerItemProxy */ = {
			isa = PBXContainerItemProxy;
			containerPortal = 2DA23A1F2B4D2C8400E99D00 /* Project object */;
			proxyType = 1;
			remoteGlobalIDString = 2DA23A262B4D2C8400E99D00;
			remoteInfo = mobileutils;
		};
		2DA23A482B4D2C8500E99D00 /* PBXContainerItemProxy */ = {
			isa = PBXContainerItemProxy;
			containerPortal = 2DA23A1F2B4D2C8400E99D00 /* Project object */;
			proxyType = 1;
			remoteGlobalIDString = 2DA23A262B4D2C8400E99D00;
			remoteInfo = mobileutils;
		};
/* End PBXContainerItemProxy section */

/* Begin PBXFileReference section */
		2DA23A272B4D2C8400E99D00 /* mobileutils.app */ = {isa = PBXFileReference; explicitFileType = wrapper.application; includeInIndex = 0; path = mobileutils.app; sourceTree = BUILT_PRODUCTS_DIR; };
		2DA23A2A2B4D2C8400E99D00 /* AppDelegate.swift */ = {isa = PBXFileReference; lastKnownFileType = sourcecode.swift; path = AppDelegate.swift; sourceTree = "<group>"; };
		2DA23A2C2B4D2C8400E99D00 /* SceneDelegate.swift */ = {isa = PBXFileReference; lastKnownFileType = sourcecode.swift; path = SceneDelegate.swift; sourceTree = "<group>"; };
		2DA23A2E2B4D2C8400E99D00 /* ViewController.swift */ = {isa = PBXFileReference; lastKnownFileType = sourcecode.swift; path = ViewController.swift; sourceTree = "<group>"; };
		2DA23A312B4D2C8400E99D00 /* Base */ = {isa = PBXFileReference; lastKnownFileType = file.storyboard; name = Base; path = Base.lproj/Main.storyboard; sourceTree = "<group>"; };
		2DA23A332B4D2C8500E99D00 /* Assets.xcassets */ = {isa = PBXFileReference; lastKnownFileType = folder.assetcatalog; path = Assets.xcassets; sourceTree = "<group>"; };
		2DA23A362B4D2C8500E99D00 /* Base */ = {isa = PBXFileReference; lastKnownFileType = file.storyboard; name = Base; path = Base.lproj/LaunchScreen.storyboard; sourceTree = "<group>"; };
		2DA23A382B4D2C8500E99D00 /* Info.plist */ = {isa = PBXFileReference; lastKnownFileType = text.plist.xml; path = Info.plist; sourceTree = "<group>"; };
		2DA23A3D2B4D2C8500E99D00 /* mobileutilsTests.xctest */ = {isa = PBXFileReference; explicitFileType = wrapper.cfbundle; includeInIndex = 0; path = mobileutilsTests.xctest; sourceTree = BUILT_PRODUCTS_DIR; };
		2DA23A412B4D2C8500E99D00 /* mobileutilsTests.swift */ = {isa = PBXFileReference; lastKnownFileType = sourcecode.swift; path = mobileutilsTests.swift; sourceTree = "<group>"; };
		2DA23A472B4D2C8500E99D00 /* mobileutilsUITests.xctest */ = {isa = PBXFileReference; explicitFileType = wrapper.cfbundle; includeInIndex = 0; path = mobileutilsUITests.xctest; sourceTree = BUILT_PRODUCTS_DIR; };
		2DA23A4B2B4D2C8500E99D00 /* mobileutilsUITests.swift */ = {isa = PBXFileReference; lastKnownFileType = sourcecode.swift; path = mobileutilsUITests.swift; sourceTree = "<group>"; };
		2DA23A4D2B4D2C8500E99D00 /* mobileutilsUITestsLaunchTests.swift */ = {isa = PBXFileReference; lastKnownFileType = sourcecode.swift; path = mobileutilsUITestsLaunchTests.swift; sourceTree = "<group>"; };
		2DA23A5B2B4D2CA500E99D00 /* OSLog.framework */ = {isa = PBXFileReference; lastKnownFileType = wrapper.framework; name = OSLog.framework; path = System/Library/Frameworks/OSLog.framework; sourceTree = SDKROOT; };
/* End PBXFileReference section */

/* Begin PBXFrameworksBuildPhase section */
		2DA23A242B4D2C8400E99D00 /* Frameworks */ = {
			isa = PBXFrameworksBuildPhase;
			buildActionMask = 2147483647;
			files = (
				2DA23A5C2B4D2CA500E99D00 /* OSLog.framework in Frameworks */,
			);
			runOnlyForDeploymentPostprocessing = 0;
		};
		2DA23A3A2B4D2C8500E99D00 /* Frameworks */ = {
			isa = PBXFrameworksBuildPhase;
			buildActionMask = 2147483647;
			files = (
			);
			runOnlyForDeploymentPostprocessing = 0;
		};
		2DA23A442B4D2C8500E99D00 /* Frameworks */ = {
			isa = PBXFrameworksBuildPhase;
			buildActionMask = 2147483647;
			files = (
			);
			runOnlyForDeploymentPostprocessing = 0;
		};
/* End PBXFrameworksBuildPhase section */

/* Begin PBXGroup section */
		2DA23A1E2B4D2C8400E99D00 = {
			isa = PBXGroup;
			children = (
				2DA23A292B4D2C8400E99D00 /* mobileutils */,
				2DA23A402B4D2C8500E99D00 /* mobileutilsTests */,
				2DA23A4A2B4D2C8500E99D00 /* mobileutilsUITests */,
				2DA23A282B4D2C8400E99D00 /* Products */,
				2DA23A5A2B4D2CA500E99D00 /* Frameworks */,
			);
			sourceTree = "<group>";
		};
		2DA23A282B4D2C8400E99D00 /* Products */ = {
			isa = PBXGroup;
			children = (
				2DA23A272B4D2C8400E99D00 /* mobileutils.app */,
				2DA23A3D2B4D2C8500E99D00 /* mobileutilsTests.xctest */,
				2DA23A472B4D2C8500E99D00 /* mobileutilsUITests.xctest */,
			);
			name = Products;
			sourceTree = "<group>";
		};
		2DA23A292B4D2C8400E99D00 /* mobileutils */ = {
			isa = PBXGroup;
			children = (
				2DA23A2A2B4D2C8400E99D00 /* AppDelegate.swift */,
				2DA23A2C2B4D2C8400E99D00 /* SceneDelegate.swift */,
				2DA23A2E2B4D2C8400E99D00 /* ViewController.swift */,
				2DA23A302B4D2C8400E99D00 /* Main.storyboard */,
				2DA23A332B4D2C8500E99D00 /* Assets.xcassets */,
				2DA23A352B4D2C8500E99D00 /* LaunchScreen.storyboard */,
				2DA23A382B4D2C8500E99D00 /* Info.plist */,
			);
			path = mobileutils;
			sourceTree = "<group>";
		};
		2DA23A402B4D2C8500E99D00 /* mobileutilsTests */ = {
			isa = PBXGroup;
			children = (
				2DA23A412B4D2C8500E99D00 /* mobileutilsTests.swift */,
			);
			path = mobileutilsTests;
			sourceTree = "<group>";
		};
		2DA23A4A2B4D2C8500E99D00 /* mobileutilsUITests */ = {
			isa = PBXGroup;
			children = (
				2DA23A4B2B4D2C8500E99D00 /* mobileutilsUITests.swift */,
				2DA23A4D2B4D2C8500E99D00 /* mobileutilsUITestsLaunchTests.swift */,
			);
			path = mobileutilsUITests;
			sourceTree = "<group>";
		};
		2DA23A5A2B4D2CA500E99D00 /* Frameworks */ = {
			isa = PBXGroup;
			children = (
				2DA23A5B2B4D2CA500E99D00 /* OSLog.framework */,
			);
			name = Frameworks;
			sourceTree = "<group>";
		};
/* End PBXGroup section */

/* Begin PBXNativeTarget section */
		2DA23A262B4D2C8400E99D00 /* mobileutils */ = {
			isa = PBXNativeTarget;
			buildConfigurationList = 2DA23A512B4D2C8500E99D00 /* Build configuration list for PBXNativeTarget "mobileutils" */;
			buildPhases = (
				2DA23A232B4D2C8400E99D00 /* Sources */,
				2DA23A242B4D2C8400E99D00 /* Frameworks */,
				2DA23A252B4D2C8400E99D00 /* Resources */,
			);
			buildRules = (
			);
			dependencies = (
			);
			name = mobileutils;
			productName = mobileutils;
			productReference = 2DA23A272B4D2C8400E99D00 /* mobileutils.app */;
			productType = "com.apple.product-type.application";
		};
		2DA23A3C2B4D2C8500E99D00 /* mobileutilsTests */ = {
			isa = PBXNativeTarget;
			buildConfigurationList = 2DA23A542B4D2C8500E99D00 /* Build configuration list for PBXNativeTarget "mobileutilsTests" */;
			buildPhases = (
				2DA23A392B4D2C8500E99D00 /* Sources */,
				2DA23A3A2B4D2C8500E99D00 /* Frameworks */,
				2DA23A3B2B4D2C8500E99D00 /* Resources */,
			);
			buildRules = (
			);
			dependencies = (
				2DA23A3F2B4D2C8500E99D00 /* PBXTargetDependency */,
			);
			name = mobileutilsTests;
			productName = mobileutilsTests;
			productReference = 2DA23A3D2B4D2C8500E99D00 /* mobileutilsTests.xctest */;
			productType = "com.apple.product-type.bundle.unit-test";
		};
		2DA23A462B4D2C8500E99D00 /* mobileutilsUITests */ = {
			isa = PBXNativeTarget;
			buildConfigurationList = 2DA23A572B4D2C8500E99D00 /* Build configuration list for PBXNativeTarget "mobileutilsUITests" */;
			buildPhases = (
				2DA23A432B4D2C8500E99D00 /* Sources */,
				2DA23A442B4D2C8500E99D00 /* Frameworks */,
				2DA23A452B4D2C8500E99D00 /* Resources */,
			);
			buildRules = (
			);
			dependencies = (
				2DA23A492B4D2C8500E99D00 /* PBXTargetDependency */,
			);
			name = mobileutilsUITests;
			productName = mobileutilsUITests;
			productReference = 2DA23A472B4D2C8500E99D00 /* mobileutilsUITests.xctest */;
			productType = "com.apple.product-type.bundle.ui-testing";
		};
/* End PBXNativeTarget section */

/* Begin PBXProject section */
		2DA23A1F2B4D2C8400E99D00 /* Project object */ = {
			isa = PBXProject;
			attributes = {
				BuildIndependentTargetsInParallel = 1;
				LastSwiftUpdateCheck = 1510;
				LastUpgradeCheck = 1510;
				TargetAttributes = {
					2DA23A262B4D2C8400E99D00 = {
						CreatedOnToolsVersion = 15.1;
					};
					2DA23A3C2B4D2C8500E99D00 = {
						CreatedOnToolsVersion = 15.1;
						TestTargetID = 2DA23A262B4D2C8400E99D00;
					};
					2DA23A462B4D2C8500E99D00 = {
						CreatedOnToolsVersion = 15.1;
						TestTargetID = 2DA23A262B4D2C8400E99D00;
					};
				};
			};
			buildConfigurationList = 2DA23A222B4D2C8400E99D00 /* Build configuration list for PBXProject "mobileutils" */;
			compatibilityVersion = "Xcode 14.0";
			developmentRegion = en;
			hasScannedForEncodings = 0;
			knownRegions = (
				en,
				Base,
			);
			mainGroup = 2DA23A1E2B4D2C8400E99D00;
			productRefGroup = 2DA23A282B4D2C8400E99D00 /* Products */;
			projectDirPath = "";
			projectRoot = "";
			targets = (
				2DA23A262B4D2C8400E99D00 /* mobileutils */,
				2DA23A3C2B4D2C8500E99D00 /* mobileutilsTests */,
				2DA23A462B4D2C8500E99D00 /* mobileutilsUITests */,
			);
		};
/* End PBXProject section */

/* Begin PBXResourcesBuildPhase section */
		2DA23A252B4D2C8400E99D00 /* Resources */ = {
			isa = PBXResourcesBuildPhase;
			buildActionMask = 2147483647;
			files = (
				2DA23A372B4D2C8500E99D00 /* LaunchScreen.storyboard in Resources */,
				2DA23A342B4D2C8500E99D00 /* Assets.xcassets in Resources */,
				2DA23A322B4D2C8400E99D00 /* Main.storyboard in Resources */,
			);
			runOnlyForDeploymentPostprocessing = 0;
		};
		2DA23A3B2B4D2C8500E99D00 /* Resources */ = {
			isa = PBXResourcesBuildPhase;
			buildActionMask = 2147483647;
			files = (
			);
			runOnlyForDeploymentPostprocessing = 0;
		};
		2DA23A452B4D2C8500E99D00 /* Resources */ = {
			isa = PBXResourcesBuildPhase;
			buildActionMask = 2147483647;
			files = (
			);
			runOnlyForDeploymentPostprocessing = 0;
		};
/* End PBXResourcesBuildPhase section */

/* Begin PBXSourcesBuildPhase section */
		2DA23A232B4D2C8400E99D00 /* Sources */ = {
			isa = PBXSourcesBuildPhase;
			buildActionMask = 2147483647;
			files = (
				2DA23A2F2B4D2C8400E99D00 /* ViewController.swift in Sources */,
				2DA23A2B2B4D2C8400E99D00 /* AppDelegate.swift in Sources */,
				2DA23A2D2B4D2C8400E99D00 /* SceneDelegate.swift in Sources */,
			);
			runOnlyForDeploymentPostprocessing = 0;
		};
		2DA23A392B4D2C8500E99D00 /* Sources */ = {
			isa = PBXSourcesBuildPhase;
			buildActionMask = 2147483647;
			files = (
				2DA23A422B4D2C8500E99D00 /* mobileutilsTests.swift in Sources */,
			);
			runOnlyForDeploymentPostprocessing = 0;
		};
		2DA23A432B4D2C8500E99D00 /* Sources */ = {
			isa = PBXSourcesBuildPhase;
			buildActionMask = 2147483647;
			files = (
				2DA23A4E2B4D2C8500E99D00 /* mobileutilsUITestsLaunchTests.swift in Sources */,
				2DA23A4C2B4D2C8500E99D00 /* mobileutilsUITests.swift in Sources */,
			);
			runOnlyForDeploymentPostprocessing = 0;
		};
/* End PBXSourcesBuildPhase section */

/* Begin PBXTargetDependency section */
		2DA23A3F2B4D2C8500E99D00 /* PBXTargetDependency */ = {
			isa = PBXTargetDependency;
			target = 2DA23A262B4D2C8400E99D00 /* mobileutils */;
			targetProxy = 2DA23A3E2B4D2C8500E99D00 /* PBXContainerItemProxy */;
		};
		2DA23A492B4D2C8500E99D00 /* PBXTargetDependency */ = {
			isa = PBXTargetDependency;
			target = 2DA23A262B4D2C8400E99D00 /* mobileutils */;
			targetProxy = 2DA23A482B4D2C8500E99D00 /* PBXContainerItemProxy */;
		};
/* End PBXTargetDependency section */

/* Begin PBXVariantGroup section */
		2DA23A302B4D2C8400E99D00 /* Main.storyboard */ = {
			isa = PBXVariantGroup;
			children = (
				2DA23A312B4D2C8400E99D00 /* Base */,
			);
			name = Main.storyboard;
			sourceTree = "<group>";
		};
		2DA23A352B4D2C8500E99D00 /* LaunchScreen.storyboard */ = {
			isa = PBXVariantGroup;
			children = (
				2DA23A362B4D2C8500E99D00 /* Base */,
			);
			name = LaunchScreen.storyboard;
			sourceTree = "<group>";
		};
/* End PBXVariantGroup section */

/* Begin XCBuildConfiguration section */
		2DA23A4F2B4D2C8500E99D00 /* Debug */ = {
			isa = XCBuildConfiguration;
			buildSettings = {
				ALWAYS_SEARCH_USER_PATHS = NO;
				ASSETCATALOG_COMPILER_GENERATE_SWIFT_ASSET_SYMBOL_EXTENSIONS = YES;
				CLANG_ANALYZER_NONNULL = YES;
				CLANG_ANALYZER_NUMBER_OBJECT_CONVERSION = YES_AGGRESSIVE;
				CLANG_CXX_LANGUAGE_STANDARD = "gnu++20";
				CLANG_ENABLE_MODULES = YES;
				CLANG_ENABLE_OBJC_ARC = YES;
				CLANG_ENABLE_OBJC_WEAK = YES;
				CLANG_WARN_BLOCK_CAPTURE_AUTORELEASING = YES;
				CLANG_WARN_BOOL_CONVERSION = YES;
				CLANG_WARN_COMMA = YES;
				CLANG_WARN_CONSTANT_CONVERSION = YES;
				CLANG_WARN_DEPRECATED_OBJC_IMPLEMENTATIONS = YES;
				CLANG_WARN_DIRECT_OBJC_ISA_USAGE = YES_ERROR;
				CLANG_WARN_DOCUMENTATION_COMMENTS = YES;
				CLANG_WARN_EMPTY_BODY = YES;
				CLANG_WARN_ENUM_CONVERSION = YES;
				CLANG_WARN_INFINITE_RECURSION = YES;
				CLANG_WARN_INT_CONVERSION = YES;
				CLANG_WARN_NON_LITERAL_NULL_CONVERSION = YES;
				CLANG_WARN_OBJC_IMPLICIT_RETAIN_SELF = YES;
				CLANG_WARN_OBJC_LITERAL_CONVERSION = YES;
				CLANG_WARN_OBJC_ROOT_CLASS = YES_ERROR;
				CLANG_WARN_QUOTED_INCLUDE_IN_FRAMEWORK_HEADER = YES;
				CLANG_WARN_RANGE_LOOP_ANALYSIS = YES;
				CLANG_WARN_STRICT_PROTOTYPES = YES;
				CLANG_WARN_SUSPICIOUS_MOVE = YES;
				CLANG_WARN_UNGUARDED_AVAILABILITY = YES_AGGRESSIVE;
				CLANG_WARN_UNREACHABLE_CODE = YES;
				CLANG_WARN__DUPLICATE_METHOD_MATCH = YES;
				COPY_PHASE_STRIP = NO;
				DEBUG_INFORMATION_FORMAT = dwarf;
				ENABLE_STRICT_OBJC_MSGSEND = YES;
				ENABLE_TESTABILITY = YES;
				ENABLE_USER_SCRIPT_SANDBOXING = YES;
				GCC_C_LANGUAGE_STANDARD = gnu17;
				GCC_DYNAMIC_NO_PIC = NO;
				GCC_NO_COMMON_BLOCKS = YES;
				GCC_OPTIMIZATION_LEVEL = 0;
				GCC_PREPROCESSOR_DEFINITIONS = (
					"DEBUG=1",
					"$(inherited)",
				);
				GCC_WARN_64_TO_32_BIT_CONVERSION = YES;
				GCC_WARN_ABOUT_RETURN_TYPE = YES_ERROR;
				GCC_WARN_UNDECLARED_SELECTOR = YES;
				GCC_WARN_UNINITIALIZED_AUTOS = YES_AGGRESSIVE;
				GCC_WARN_UNUSED_FUNCTION = YES;
				GCC_WARN_UNUSED_VARIABLE = YES;
				IPHONEOS_DEPLOYMENT_TARGET = 17.2;
				LOCALIZATION_PREFERS_STRING_CATALOGS = YES;
				MTL_ENABLE_DEBUG_INFO = INCLUDE_SOURCE;
				MTL_FAST_MATH = YES;
				ONLY_ACTIVE_ARCH = YES;
				SDKROOT = iphoneos;
				SWIFT_ACTIVE_COMPILATION_CONDITIONS = "DEBUG $(inherited)";
				SWIFT_OPTIMIZATION_LEVEL = "-Onone";
			};
			name = Debug;
		};
		2DA23A502B4D2C8500E99D00 /* Release */ = {
			isa = XCBuildConfiguration;
			buildSettings = {
				ALWAYS_SEARCH_USER_PATHS = NO;
				ASSETCATALOG_COMPILER_GENERATE_SWIFT_ASSET_SYMBOL_EXTENSIONS = YES;
				CLANG_ANALYZER_NONNULL = YES;
				CLANG_ANALYZER_NUMBER_OBJECT_CONVERSION = YES_AGGRESSIVE;
				CLANG_CXX_LANGUAGE_STANDARD = "gnu++20";
				CLANG_ENABLE_MODULES = YES;
				CLANG_ENABLE_OBJC_ARC = YES;
				CLANG_ENABLE_OBJC_WEAK = YES;
				CLANG_WARN_BLOCK_CAPTURE_AUTORELEASING = YES;
				CLANG_WARN_BOOL_CONVERSION = YES;
				CLANG_WARN_COMMA = YES;
				CLANG_WARN_CONSTANT_CONVERSION = YES;
				CLANG_WARN_DEPRECATED_OBJC_IMPLEMENTATIONS = YES;
				CLANG_WARN_DIRECT_OBJC_ISA_USAGE = YES_ERROR;
				CLANG_WARN_DOCUMENTATION_COMMENTS = YES;
				CLANG_WARN_EMPTY_BODY = YES;
				CLANG_WARN_ENUM_CONVERSION = YES;
				CLANG_WARN_INFINITE_RECURSION = YES;
				CLANG_WARN_INT_CONVERSION = YES;
				CLANG_WARN_NON_LITERAL_NULL_CONVERSION = YES;
				CLANG_WARN_OBJC_IMPLICIT_RETAIN_SELF = YES;
				CLANG_WARN_OBJC_LITERAL_CONVERSION = YES;
				CLANG_WARN_OBJC_ROOT_CLASS = YES_ERROR;
				CLANG_WARN_QUOTED_INCLUDE_IN_FRAMEWORK_HEADER = YES;
				CLANG_WARN_RANGE_LOOP_ANALYSIS = YES;
				CLANG_WARN_STRICT_PROTOTYPES = YES;
				CLANG_WARN_SUSPICIOUS_MOVE = YES;
				CLANG_WARN_UNGUARDED_AVAILABILITY = YES_AGGRESSIVE;
				CLANG_WARN_UNREACHABLE_CODE = YES;
				CLANG_WARN__DUPLICATE_METHOD_MATCH = YES;
				COPY_PHASE_STRIP = NO;
				DEBUG_INFORMATION_FORMAT = "dwarf-with-dsym";
				ENABLE_NS_ASSERTIONS = NO;
				ENABLE_STRICT_OBJC_MSGSEND = YES;
				ENABLE_USER_SCRIPT_SANDBOXING = YES;
				GCC_C_LANGUAGE_STANDARD = gnu17;
				GCC_NO_COMMON_BLOCKS = YES;
				GCC_WARN_64_TO_32_BIT_CONVERSION = YES;
				GCC_WARN_ABOUT_RETURN_TYPE = YES_ERROR;
				GCC_WARN_UNDECLARED_SELECTOR = YES;
				GCC_WARN_UNINITIALIZED_AUTOS = YES_AGGRESSIVE;
				GCC_WARN_UNUSED_FUNCTION = YES;
				GCC_WARN_UNUSED_VARIABLE = YES;
				IPHONEOS_DEPLOYMENT_TARGET = 17.2;
				LOCALIZATION_PREFERS_STRING_CATALOGS = YES;
				MTL_ENABLE_DEBUG_INFO = NO;
				MTL_FAST_MATH = YES;
				SDKROOT = iphoneos;
				SWIFT_COMPILATION_MODE = wholemodule;
				VALIDATE_PRODUCT = YES;
			};
			name = Release;
		};
		2DA23A522B4D2C8500E99D00 /* Debug */ = {
			isa = XCBuildConfiguration;
			buildSettings = {
				ASSETCATALOG_COMPILER_APPICON_NAME = AppIcon;
				ASSETCATALOG_COMPILER_GLOBAL_ACCENT_COLOR_NAME = AccentColor;
				CODE_SIGN_STYLE = Automatic;
				CURRENT_PROJECT_VERSION = 1;
				GENERATE_INFOPLIST_FILE = YES;
				INFOPLIST_FILE = mobileutils/Info.plist;
				INFOPLIST_KEY_UIApplicationSupportsIndirectInputEvents = YES;
				INFOPLIST_KEY_UILaunchStoryboardName = LaunchScreen;
				INFOPLIST_KEY_UIMainStoryboardFile = Main;
				INFOPLIST_KEY_UISupportedInterfaceOrientations_iPad = "UIInterfaceOrientationPortrait UIInterfaceOrientationPortraitUpsideDown UIInterfaceOrientationLandscapeLeft UIInterfaceOrientationLandscapeRight";
				INFOPLIST_KEY_UISupportedInterfaceOrientations_iPhone = "UIInterfaceOrientationPortrait UIInterfaceOrientationLandscapeLeft UIInterfaceOrientationLandscapeRight";
				LD_RUNPATH_SEARCH_PATHS = (
					"$(inherited)",
					"@executable_path/Frameworks",
				);
				MARKETING_VERSION = 1.0;
				PRODUCT_BUNDLE_IDENTIFIER = beomboo.mobileutils;
				PRODUCT_NAME = "$(TARGET_NAME)";
				SWIFT_EMIT_LOC_STRINGS = YES;
				SWIFT_VERSION = 5.0;
				TARGETED_DEVICE_FAMILY = "1,2";
			};
			name = Debug;
		};
		2DA23A532B4D2C8500E99D00 /* Release */ = {
			isa = XCBuildConfiguration;
			buildSettings = {
				ASSETCATALOG_COMPILER_APPICON_NAME = AppIcon;
				ASSETCATALOG_COMPILER_GLOBAL_ACCENT_COLOR_NAME = AccentColor;
				CODE_SIGN_STYLE = Automatic;
				CURRENT_PROJECT_VERSION = 1;
				GENERATE_INFOPLIST_FILE = YES;
				INFOPLIST_FILE = mobileutils/Info.plist;
				INFOPLIST_KEY_UIApplicationSupportsIndirectInputEvents = YES;
				INFOPLIST_KEY_UILaunchStoryboardName = LaunchScreen;
				INFOPLIST_KEY_UIMainStoryboardFile = Main;
				INFOPLIST_KEY_UISupportedInterfaceOrientations_iPad = "UIInterfaceOrientationPortrait UIInterfaceOrientationPortraitUpsideDown UIInterfaceOrientationLandscapeLeft UIInterfaceOrientationLandscapeRight";
				INFOPLIST_KEY_UISupportedInterfaceOrientations_iPhone = "UIInterfaceOrientationPortrait UIInterfaceOrientationLandscapeLeft UIInterfaceOrientationLandscapeRight";
				LD_RUNPATH_SEARCH_PATHS = (
					"$(inherited)",
					"@executable_path/Frameworks",
				);
				MARKETING_VERSION = 1.0;
				PRODUCT_BUNDLE_IDENTIFIER = beomboo.mobileutils;
				PRODUCT_NAME = "$(TARGET_NAME)";
				SWIFT_EMIT_LOC_STRINGS = YES;
				SWIFT_VERSION = 5.0;
				TARGETED_DEVICE_FAMILY = "1,2";
			};
			name = Release;
		};
		2DA23A552B4D2C8500E99D00 /* Debug */ = {
			isa = XCBuildConfiguration;
			buildSettings = {
				ALWAYS_EMBED_SWIFT_STANDARD_LIBRARIES = YES;
				BUNDLE_LOADER = "$(TEST_HOST)";
				CODE_SIGN_STYLE = Automatic;
				CURRENT_PROJECT_VERSION = 1;
				GENERATE_INFOPLIST_FILE = YES;
				IPHONEOS_DEPLOYMENT_TARGET = 17.2;
				MARKETING_VERSION = 1.0;
				PRODUCT_BUNDLE_IDENTIFIER = beomboo.mobileutilsTests;
				PRODUCT_NAME = "$(TARGET_NAME)";
				SWIFT_EMIT_LOC_STRINGS = NO;
				SWIFT_VERSION = 5.0;
				TARGETED_DEVICE_FAMILY = "1,2";
				TEST_HOST = "$(BUILT_PRODUCTS_DIR)/mobileutils.app/$(BUNDLE_EXECUTABLE_FOLDER_PATH)/mobileutils";
			};
			name = Debug;
		};
		2DA23A562B4D2C8500E99D00 /* Release */ = {
			isa = XCBuildConfiguration;
			buildSettings = {
				ALWAYS_EMBED_SWIFT_STANDARD_LIBRARIES = YES;
				BUNDLE_LOADER = "$(TEST_HOST)";
				CODE_SIGN_STYLE = Automatic;
				CURRENT_PROJECT_VERSION = 1;
				GENERATE_INFOPLIST_FILE = YES;
				IPHONEOS_DEPLOYMENT_TARGET = 17.2;
				MARKETING_VERSION = 1.0;
				PRODUCT_BUNDLE_IDENTIFIER = beomboo.mobileutilsTests;
				PRODUCT_NAME = "$(TARGET_NAME)";
				SWIFT_EMIT_LOC_STRINGS = NO;
				SWIFT_VERSION = 5.0;
				TARGETED_DEVICE_FAMILY = "1,2";
				TEST_HOST = "$(BUILT_PRODUCTS_DIR)/mobileutils.app/$(BUNDLE_EXECUTABLE_FOLDER_PATH)/mobileutils";
			};
			name = Release;
		};
		2DA23A582B4D2C8500E99D00 /* Debug */ = {
			isa = XCBuildConfiguration;
			buildSettings = {
				ALWAYS_EMBED_SWIFT_STANDARD_LIBRARIES = YES;
				CODE_SIGN_STYLE = Automatic;
				CURRENT_PROJECT_VERSION = 1;
				GENERATE_INFOPLIST_FILE = YES;
				MARKETING_VERSION = 1.0;
				PRODUCT_BUNDLE_IDENTIFIER = beomboo.mobileutilsUITests;
				PRODUCT_NAME = "$(TARGET_NAME)";
				SWIFT_EMIT_LOC_STRINGS = NO;
				SWIFT_VERSION = 5.0;
				TARGETED_DEVICE_FAMILY = "1,2";
				TEST_TARGET_NAME = mobileutils;
			};
			name = Debug;
		};
		2DA23A592B4D2C8500E99D00 /* Release */ = {
			isa = XCBuildConfiguration;
			buildSettings = {
				ALWAYS_EMBED_SWIFT_STANDARD_LIBRARIES = YES;
				CODE_SIGN_STYLE = Automatic;
				CURRENT_PROJECT_VERSION = 1;
				GENERATE_INFOPLIST_FILE = YES;
				MARKETING_VERSION = 1.0;
				PRODUCT_BUNDLE_IDENTIFIER = beomboo.mobileutilsUITests;
				PRODUCT_NAME = "$(TARGET_NAME)";
				SWIFT_EMIT_LOC_STRINGS = NO;
				SWIFT_VERSION = 5.0;
				TARGETED_DEVICE_FAMILY = "1,2";
				TEST_TARGET_NAME = mobileutils;
			};
			name = Release;
		};
/* End XCBuildConfiguration section */

/* Begin XCConfigurationList section */
		2DA23A222B4D2C8400E99D00 /* Build configuration list for PBXProject "mobileutils" */ = {
			isa = XCConfigurationList;
			buildConfigurations = (
				2DA23A4F2B4D2C8500E99D00 /* Debug */,
				2DA23A502B4D2C8500E99D00 /* Release */,
			);
			defaultConfigurationIsVisible = 0;
			defaultConfigurationName = Release;
		};
		2DA23A512B4D2C8500E99D00 /* Build configuration list for PBXNativeTarget "mobileutils" */ = {
			isa = XCConfigurationList;
			buildConfigurations = (
				2DA23A522B4D2C8500E99D00 /* Debug */,
				2DA23A532B4D2C8500E99D00 /* Release */,
			);
			defaultConfigurationIsVisible = 0;
			defaultConfigurationName = Release;
		};
		2DA23A542B4D2C8500E99D00 /* Build configuration list for PBXNativeTarget "mobileutilsTests" */ = {
			isa = XCConfigurationList;
			buildConfigurations = (
				2DA23A552B4D2C8500E99D00 /* Debug */,
				2DA23A562B4D2C8500E99D00 /* Release */,
			);
			defaultConfigurationIsVisible = 0;
			defaultConfigurationName = Release;
		};
		2DA23A572B4D2C8500E99D00 /* Build configuration list for PBXNativeTarget "mobileutilsUITests" */ = {
			isa = XCConfigurationList;
			buildConfigurations = (
				2DA23A582B4D2C8500E99D00 /* Debug */,
				2DA23A592B4D2C8500E99D00 /* Release */,
			);
			defaultConfigurationIsVisible = 0;
			defaultConfigurationName = Release;
		};
/* End XCConfigurationList section */
	};
	rootObject = 2DA23A1F2B4D2C8400E99D00 /* Project object */;
}
