// !$*UTF8*$!
{
	archiveVersion = 1;
	classes = {
	};
	objectVersion = 56;
	objects = {

/* Begin PBXBuildFile section */
		2D82711A2B27E66D00A0F69D /* AppDelegate.swift in Sources */ = {isa = PBXBuildFile; fileRef = 2D8271192B27E66D00A0F69D /* AppDelegate.swift */; };
		2D82711C2B27E66D00A0F69D /* SceneDelegate.swift in Sources */ = {isa = PBXBuildFile; fileRef = 2D82711B2B27E66D00A0F69D /* SceneDelegate.swift */; };
		2D82711E2B27E66D00A0F69D /* ViewController.swift in Sources */ = {isa = PBXBuildFile; fileRef = 2D82711D2B27E66D00A0F69D /* ViewController.swift */; };
		2D8271212B27E66D00A0F69D /* Main.storyboard in Resources */ = {isa = PBXBuildFile; fileRef = 2D82711F2B27E66D00A0F69D /* Main.storyboard */; };
		2D8271232B27E66E00A0F69D /* Assets.xcassets in Resources */ = {isa = PBXBuildFile; fileRef = 2D8271222B27E66E00A0F69D /* Assets.xcassets */; };
		2D8271262B27E66E00A0F69D /* LaunchScreen.storyboard in Resources */ = {isa = PBXBuildFile; fileRef = 2D8271242B27E66E00A0F69D /* LaunchScreen.storyboard */; };
		2D8271312B27E66E00A0F69D /* storyboardloginTests.swift in Sources */ = {isa = PBXBuildFile; fileRef = 2D8271302B27E66E00A0F69D /* storyboardloginTests.swift */; };
		2D82713B2B27E66E00A0F69D /* storyboardloginUITests.swift in Sources */ = {isa = PBXBuildFile; fileRef = 2D82713A2B27E66E00A0F69D /* storyboardloginUITests.swift */; };
		2D82713D2B27E66E00A0F69D /* storyboardloginUITestsLaunchTests.swift in Sources */ = {isa = PBXBuildFile; fileRef = 2D82713C2B27E66E00A0F69D /* storyboardloginUITestsLaunchTests.swift */; };
		2D82714B2B27F9CC00A0F69D /* RegisterViewController.swift in Sources */ = {isa = PBXBuildFile; fileRef = 2D82714A2B27F9CC00A0F69D /* RegisterViewController.swift */; };
		2D82714D2B27F9E600A0F69D /* SearchInfoViewController.swift in Sources */ = {isa = PBXBuildFile; fileRef = 2D82714C2B27F9E600A0F69D /* SearchInfoViewController.swift */; };
		2DB41E892B2B0FBD00D534C7 /* UserInfo.swift in Sources */ = {isa = PBXBuildFile; fileRef = 2DB41E882B2B0FBD00D534C7 /* UserInfo.swift */; };
/* End PBXBuildFile section */

/* Begin PBXContainerItemProxy section */
		2D82712D2B27E66E00A0F69D /* PBXContainerItemProxy */ = {
			isa = PBXContainerItemProxy;
			containerPortal = 2D82710E2B27E66D00A0F69D /* Project object */;
			proxyType = 1;
			remoteGlobalIDString = 2D8271152B27E66D00A0F69D;
			remoteInfo = storyboardlogin;
		};
		2D8271372B27E66E00A0F69D /* PBXContainerItemProxy */ = {
			isa = PBXContainerItemProxy;
			containerPortal = 2D82710E2B27E66D00A0F69D /* Project object */;
			proxyType = 1;
			remoteGlobalIDString = 2D8271152B27E66D00A0F69D;
			remoteInfo = storyboardlogin;
		};
/* End PBXContainerItemProxy section */

/* Begin PBXFileReference section */
		2D8271162B27E66D00A0F69D /* storyboardlogin.app */ = {isa = PBXFileReference; explicitFileType = wrapper.application; includeInIndex = 0; path = storyboardlogin.app; sourceTree = BUILT_PRODUCTS_DIR; };
		2D8271192B27E66D00A0F69D /* AppDelegate.swift */ = {isa = PBXFileReference; lastKnownFileType = sourcecode.swift; path = AppDelegate.swift; sourceTree = "<group>"; };
		2D82711B2B27E66D00A0F69D /* SceneDelegate.swift */ = {isa = PBXFileReference; lastKnownFileType = sourcecode.swift; path = SceneDelegate.swift; sourceTree = "<group>"; };
		2D82711D2B27E66D00A0F69D /* ViewController.swift */ = {isa = PBXFileReference; lastKnownFileType = sourcecode.swift; path = ViewController.swift; sourceTree = "<group>"; };
		2D8271202B27E66D00A0F69D /* Base */ = {isa = PBXFileReference; lastKnownFileType = file.storyboard; name = Base; path = Base.lproj/Main.storyboard; sourceTree = "<group>"; };
		2D8271222B27E66E00A0F69D /* Assets.xcassets */ = {isa = PBXFileReference; lastKnownFileType = folder.assetcatalog; path = Assets.xcassets; sourceTree = "<group>"; };
		2D8271252B27E66E00A0F69D /* Base */ = {isa = PBXFileReference; lastKnownFileType = file.storyboard; name = Base; path = Base.lproj/LaunchScreen.storyboard; sourceTree = "<group>"; };
		2D8271272B27E66E00A0F69D /* Info.plist */ = {isa = PBXFileReference; lastKnownFileType = text.plist.xml; path = Info.plist; sourceTree = "<group>"; };
		2D82712C2B27E66E00A0F69D /* storyboardloginTests.xctest */ = {isa = PBXFileReference; explicitFileType = wrapper.cfbundle; includeInIndex = 0; path = storyboardloginTests.xctest; sourceTree = BUILT_PRODUCTS_DIR; };
		2D8271302B27E66E00A0F69D /* storyboardloginTests.swift */ = {isa = PBXFileReference; lastKnownFileType = sourcecode.swift; path = storyboardloginTests.swift; sourceTree = "<group>"; };
		2D8271362B27E66E00A0F69D /* storyboardloginUITests.xctest */ = {isa = PBXFileReference; explicitFileType = wrapper.cfbundle; includeInIndex = 0; path = storyboardloginUITests.xctest; sourceTree = BUILT_PRODUCTS_DIR; };
		2D82713A2B27E66E00A0F69D /* storyboardloginUITests.swift */ = {isa = PBXFileReference; lastKnownFileType = sourcecode.swift; path = storyboardloginUITests.swift; sourceTree = "<group>"; };
		2D82713C2B27E66E00A0F69D /* storyboardloginUITestsLaunchTests.swift */ = {isa = PBXFileReference; lastKnownFileType = sourcecode.swift; path = storyboardloginUITestsLaunchTests.swift; sourceTree = "<group>"; };
		2D82714A2B27F9CC00A0F69D /* RegisterViewController.swift */ = {isa = PBXFileReference; lastKnownFileType = sourcecode.swift; path = RegisterViewController.swift; sourceTree = "<group>"; };
		2D82714C2B27F9E600A0F69D /* SearchInfoViewController.swift */ = {isa = PBXFileReference; lastKnownFileType = sourcecode.swift; path = SearchInfoViewController.swift; sourceTree = "<group>"; };
		2DB41E882B2B0FBD00D534C7 /* UserInfo.swift */ = {isa = PBXFileReference; lastKnownFileType = sourcecode.swift; path = UserInfo.swift; sourceTree = "<group>"; };
/* End PBXFileReference section */

/* Begin PBXFrameworksBuildPhase section */
		2D8271132B27E66D00A0F69D /* Frameworks */ = {
			isa = PBXFrameworksBuildPhase;
			buildActionMask = 2147483647;
			files = (
			);
			runOnlyForDeploymentPostprocessing = 0;
		};
		2D8271292B27E66E00A0F69D /* Frameworks */ = {
			isa = PBXFrameworksBuildPhase;
			buildActionMask = 2147483647;
			files = (
			);
			runOnlyForDeploymentPostprocessing = 0;
		};
		2D8271332B27E66E00A0F69D /* Frameworks */ = {
			isa = PBXFrameworksBuildPhase;
			buildActionMask = 2147483647;
			files = (
			);
			runOnlyForDeploymentPostprocessing = 0;
		};
/* End PBXFrameworksBuildPhase section */

/* Begin PBXGroup section */
		2D82710D2B27E66D00A0F69D = {
			isa = PBXGroup;
			children = (
				2D8271182B27E66D00A0F69D /* storyboardlogin */,
				2D82712F2B27E66E00A0F69D /* storyboardloginTests */,
				2D8271392B27E66E00A0F69D /* storyboardloginUITests */,
				2D8271172B27E66D00A0F69D /* Products */,
			);
			sourceTree = "<group>";
		};
		2D8271172B27E66D00A0F69D /* Products */ = {
			isa = PBXGroup;
			children = (
				2D8271162B27E66D00A0F69D /* storyboardlogin.app */,
				2D82712C2B27E66E00A0F69D /* storyboardloginTests.xctest */,
				2D8271362B27E66E00A0F69D /* storyboardloginUITests.xctest */,
			);
			name = Products;
			sourceTree = "<group>";
		};
		2D8271182B27E66D00A0F69D /* storyboardlogin */ = {
			isa = PBXGroup;
			children = (
				2DB41E872B2B0FA700D534C7 /* Modal */,
				2D8271492B27F99000A0F69D /* ViewController */,
				2DB04F2A2B2BEEA100F35378 /* View */,
				2DB04F292B2BEE8F00F35378 /* Delegate */,
				2D8271222B27E66E00A0F69D /* Assets.xcassets */,
				2D8271272B27E66E00A0F69D /* Info.plist */,
			);
			path = storyboardlogin;
			sourceTree = "<group>";
		};
		2D82712F2B27E66E00A0F69D /* storyboardloginTests */ = {
			isa = PBXGroup;
			children = (
				2D8271302B27E66E00A0F69D /* storyboardloginTests.swift */,
			);
			path = storyboardloginTests;
			sourceTree = "<group>";
		};
		2D8271392B27E66E00A0F69D /* storyboardloginUITests */ = {
			isa = PBXGroup;
			children = (
				2D82713A2B27E66E00A0F69D /* storyboardloginUITests.swift */,
				2D82713C2B27E66E00A0F69D /* storyboardloginUITestsLaunchTests.swift */,
			);
			path = storyboardloginUITests;
			sourceTree = "<group>";
		};
		2D8271492B27F99000A0F69D /* ViewController */ = {
			isa = PBXGroup;
			children = (
				2D82711D2B27E66D00A0F69D /* ViewController.swift */,
				2D82714A2B27F9CC00A0F69D /* RegisterViewController.swift */,
				2D82714C2B27F9E600A0F69D /* SearchInfoViewController.swift */,
			);
			path = ViewController;
			sourceTree = "<group>";
		};
		2DB04F292B2BEE8F00F35378 /* Delegate */ = {
			isa = PBXGroup;
			children = (
				2D8271192B27E66D00A0F69D /* AppDelegate.swift */,
				2D82711B2B27E66D00A0F69D /* SceneDelegate.swift */,
			);
			path = Delegate;
			sourceTree = "<group>";
		};
		2DB04F2A2B2BEEA100F35378 /* View */ = {
			isa = PBXGroup;
			children = (
				2D82711F2B27E66D00A0F69D /* Main.storyboard */,
				2D8271242B27E66E00A0F69D /* LaunchScreen.storyboard */,
			);
			path = View;
			sourceTree = "<group>";
		};
		2DB41E872B2B0FA700D534C7 /* Modal */ = {
			isa = PBXGroup;
			children = (
				2DB41E882B2B0FBD00D534C7 /* UserInfo.swift */,
			);
			path = Modal;
			sourceTree = "<group>";
		};
/* End PBXGroup section */

/* Begin PBXNativeTarget section */
		2D8271152B27E66D00A0F69D /* storyboardlogin */ = {
			isa = PBXNativeTarget;
			buildConfigurationList = 2D8271402B27E66E00A0F69D /* Build configuration list for PBXNativeTarget "storyboardlogin" */;
			buildPhases = (
				2D8271122B27E66D00A0F69D /* Sources */,
				2D8271132B27E66D00A0F69D /* Frameworks */,
				2D8271142B27E66D00A0F69D /* Resources */,
			);
			buildRules = (
			);
			dependencies = (
			);
			name = storyboardlogin;
			productName = storyboardlogin;
			productReference = 2D8271162B27E66D00A0F69D /* storyboardlogin.app */;
			productType = "com.apple.product-type.application";
		};
		2D82712B2B27E66E00A0F69D /* storyboardloginTests */ = {
			isa = PBXNativeTarget;
			buildConfigurationList = 2D8271432B27E66E00A0F69D /* Build configuration list for PBXNativeTarget "storyboardloginTests" */;
			buildPhases = (
				2D8271282B27E66E00A0F69D /* Sources */,
				2D8271292B27E66E00A0F69D /* Frameworks */,
				2D82712A2B27E66E00A0F69D /* Resources */,
			);
			buildRules = (
			);
			dependencies = (
				2D82712E2B27E66E00A0F69D /* PBXTargetDependency */,
			);
			name = storyboardloginTests;
			productName = storyboardloginTests;
			productReference = 2D82712C2B27E66E00A0F69D /* storyboardloginTests.xctest */;
			productType = "com.apple.product-type.bundle.unit-test";
		};
		2D8271352B27E66E00A0F69D /* storyboardloginUITests */ = {
			isa = PBXNativeTarget;
			buildConfigurationList = 2D8271462B27E66E00A0F69D /* Build configuration list for PBXNativeTarget "storyboardloginUITests" */;
			buildPhases = (
				2D8271322B27E66E00A0F69D /* Sources */,
				2D8271332B27E66E00A0F69D /* Frameworks */,
				2D8271342B27E66E00A0F69D /* Resources */,
			);
			buildRules = (
			);
			dependencies = (
				2D8271382B27E66E00A0F69D /* PBXTargetDependency */,
			);
			name = storyboardloginUITests;
			productName = storyboardloginUITests;
			productReference = 2D8271362B27E66E00A0F69D /* storyboardloginUITests.xctest */;
			productType = "com.apple.product-type.bundle.ui-testing";
		};
/* End PBXNativeTarget section */

/* Begin PBXProject section */
		2D82710E2B27E66D00A0F69D /* Project object */ = {
			isa = PBXProject;
			attributes = {
				BuildIndependentTargetsInParallel = 1;
				LastSwiftUpdateCheck = 1500;
				LastUpgradeCheck = 1500;
				TargetAttributes = {
					2D8271152B27E66D00A0F69D = {
						CreatedOnToolsVersion = 15.0.1;
					};
					2D82712B2B27E66E00A0F69D = {
						CreatedOnToolsVersion = 15.0.1;
						TestTargetID = 2D8271152B27E66D00A0F69D;
					};
					2D8271352B27E66E00A0F69D = {
						CreatedOnToolsVersion = 15.0.1;
						TestTargetID = 2D8271152B27E66D00A0F69D;
					};
				};
			};
			buildConfigurationList = 2D8271112B27E66D00A0F69D /* Build configuration list for PBXProject "storyboardlogin" */;
			compatibilityVersion = "Xcode 14.0";
			developmentRegion = en;
			hasScannedForEncodings = 0;
			knownRegions = (
				en,
				Base,
			);
			mainGroup = 2D82710D2B27E66D00A0F69D;
			productRefGroup = 2D8271172B27E66D00A0F69D /* Products */;
			projectDirPath = "";
			projectRoot = "";
			targets = (
				2D8271152B27E66D00A0F69D /* storyboardlogin */,
				2D82712B2B27E66E00A0F69D /* storyboardloginTests */,
				2D8271352B27E66E00A0F69D /* storyboardloginUITests */,
			);
		};
/* End PBXProject section */

/* Begin PBXResourcesBuildPhase section */
		2D8271142B27E66D00A0F69D /* Resources */ = {
			isa = PBXResourcesBuildPhase;
			buildActionMask = 2147483647;
			files = (
				2D8271262B27E66E00A0F69D /* LaunchScreen.storyboard in Resources */,
				2D8271232B27E66E00A0F69D /* Assets.xcassets in Resources */,
				2D8271212B27E66D00A0F69D /* Main.storyboard in Resources */,
			);
			runOnlyForDeploymentPostprocessing = 0;
		};
		2D82712A2B27E66E00A0F69D /* Resources */ = {
			isa = PBXResourcesBuildPhase;
			buildActionMask = 2147483647;
			files = (
			);
			runOnlyForDeploymentPostprocessing = 0;
		};
		2D8271342B27E66E00A0F69D /* Resources */ = {
			isa = PBXResourcesBuildPhase;
			buildActionMask = 2147483647;
			files = (
			);
			runOnlyForDeploymentPostprocessing = 0;
		};
/* End PBXResourcesBuildPhase section */

/* Begin PBXSourcesBuildPhase section */
		2D8271122B27E66D00A0F69D /* Sources */ = {
			isa = PBXSourcesBuildPhase;
			buildActionMask = 2147483647;
			files = (
				2D82714D2B27F9E600A0F69D /* SearchInfoViewController.swift in Sources */,
				2D82711E2B27E66D00A0F69D /* ViewController.swift in Sources */,
				2D82711A2B27E66D00A0F69D /* AppDelegate.swift in Sources */,
				2D82711C2B27E66D00A0F69D /* SceneDelegate.swift in Sources */,
				2D82714B2B27F9CC00A0F69D /* RegisterViewController.swift in Sources */,
				2DB41E892B2B0FBD00D534C7 /* UserInfo.swift in Sources */,
			);
			runOnlyForDeploymentPostprocessing = 0;
		};
		2D8271282B27E66E00A0F69D /* Sources */ = {
			isa = PBXSourcesBuildPhase;
			buildActionMask = 2147483647;
			files = (
				2D8271312B27E66E00A0F69D /* storyboardloginTests.swift in Sources */,
			);
			runOnlyForDeploymentPostprocessing = 0;
		};
		2D8271322B27E66E00A0F69D /* Sources */ = {
			isa = PBXSourcesBuildPhase;
			buildActionMask = 2147483647;
			files = (
				2D82713B2B27E66E00A0F69D /* storyboardloginUITests.swift in Sources */,
				2D82713D2B27E66E00A0F69D /* storyboardloginUITestsLaunchTests.swift in Sources */,
			);
			runOnlyForDeploymentPostprocessing = 0;
		};
/* End PBXSourcesBuildPhase section */

/* Begin PBXTargetDependency section */
		2D82712E2B27E66E00A0F69D /* PBXTargetDependency */ = {
			isa = PBXTargetDependency;
			target = 2D8271152B27E66D00A0F69D /* storyboardlogin */;
			targetProxy = 2D82712D2B27E66E00A0F69D /* PBXContainerItemProxy */;
		};
		2D8271382B27E66E00A0F69D /* PBXTargetDependency */ = {
			isa = PBXTargetDependency;
			target = 2D8271152B27E66D00A0F69D /* storyboardlogin */;
			targetProxy = 2D8271372B27E66E00A0F69D /* PBXContainerItemProxy */;
		};
/* End PBXTargetDependency section */

/* Begin PBXVariantGroup section */
		2D82711F2B27E66D00A0F69D /* Main.storyboard */ = {
			isa = PBXVariantGroup;
			children = (
				2D8271202B27E66D00A0F69D /* Base */,
			);
			name = Main.storyboard;
			sourceTree = "<group>";
		};
		2D8271242B27E66E00A0F69D /* LaunchScreen.storyboard */ = {
			isa = PBXVariantGroup;
			children = (
				2D8271252B27E66E00A0F69D /* Base */,
			);
			name = LaunchScreen.storyboard;
			sourceTree = "<group>";
		};
/* End PBXVariantGroup section */

/* Begin XCBuildConfiguration section */
		2D82713E2B27E66E00A0F69D /* Debug */ = {
			isa = XCBuildConfiguration;
			buildSettings = {
				ALWAYS_SEARCH_USER_PATHS = NO;
				ASSETCATALOG_COMPILER_GENERATE_SWIFT_ASSET_SYMBOL_EXTENSIONS = YES;
				CLANG_ANALYZER_NONNULL = YES;
				CLANG_ANALYZER_NUMBER_OBJECT_CONVERSION = YES_AGGRESSIVE;
				CLANG_CXX_LANGUAGE_STANDARD = "gnu++20";
				CLANG_ENABLE_MODULES = YES;
				CLANG_ENABLE_OBJC_ARC = YES;
				CLANG_ENABLE_OBJC_WEAK = YES;
				CLANG_WARN_BLOCK_CAPTURE_AUTORELEASING = YES;
				CLANG_WARN_BOOL_CONVERSION = YES;
				CLANG_WARN_COMMA = YES;
				CLANG_WARN_CONSTANT_CONVERSION = YES;
				CLANG_WARN_DEPRECATED_OBJC_IMPLEMENTATIONS = YES;
				CLANG_WARN_DIRECT_OBJC_ISA_USAGE = YES_ERROR;
				CLANG_WARN_DOCUMENTATION_COMMENTS = YES;
				CLANG_WARN_EMPTY_BODY = YES;
				CLANG_WARN_ENUM_CONVERSION = YES;
				CLANG_WARN_INFINITE_RECURSION = YES;
				CLANG_WARN_INT_CONVERSION = YES;
				CLANG_WARN_NON_LITERAL_NULL_CONVERSION = YES;
				CLANG_WARN_OBJC_IMPLICIT_RETAIN_SELF = YES;
				CLANG_WARN_OBJC_LITERAL_CONVERSION = YES;
				CLANG_WARN_OBJC_ROOT_CLASS = YES_ERROR;
				CLANG_WARN_QUOTED_INCLUDE_IN_FRAMEWORK_HEADER = YES;
				CLANG_WARN_RANGE_LOOP_ANALYSIS = YES;
				CLANG_WARN_STRICT_PROTOTYPES = YES;
				CLANG_WARN_SUSPICIOUS_MOVE = YES;
				CLANG_WARN_UNGUARDED_AVAILABILITY = YES_AGGRESSIVE;
				CLANG_WARN_UNREACHABLE_CODE = YES;
				CLANG_WARN__DUPLICATE_METHOD_MATCH = YES;
				COPY_PHASE_STRIP = NO;
				DEBUG_INFORMATION_FORMAT = dwarf;
				ENABLE_STRICT_OBJC_MSGSEND = YES;
				ENABLE_TESTABILITY = YES;
				ENABLE_USER_SCRIPT_SANDBOXING = YES;
				GCC_C_LANGUAGE_STANDARD = gnu17;
				GCC_DYNAMIC_NO_PIC = NO;
				GCC_NO_COMMON_BLOCKS = YES;
				GCC_OPTIMIZATION_LEVEL = 0;
				GCC_PREPROCESSOR_DEFINITIONS = (
					"DEBUG=1",
					"$(inherited)",
				);
				GCC_WARN_64_TO_32_BIT_CONVERSION = YES;
				GCC_WARN_ABOUT_RETURN_TYPE = YES_ERROR;
				GCC_WARN_UNDECLARED_SELECTOR = YES;
				GCC_WARN_UNINITIALIZED_AUTOS = YES_AGGRESSIVE;
				GCC_WARN_UNUSED_FUNCTION = YES;
				GCC_WARN_UNUSED_VARIABLE = YES;
				IPHONEOS_DEPLOYMENT_TARGET = 17.0;
				LOCALIZATION_PREFERS_STRING_CATALOGS = YES;
				MTL_ENABLE_DEBUG_INFO = INCLUDE_SOURCE;
				MTL_FAST_MATH = YES;
				ONLY_ACTIVE_ARCH = YES;
				SDKROOT = iphoneos;
				SWIFT_ACTIVE_COMPILATION_CONDITIONS = "DEBUG $(inherited)";
				SWIFT_OPTIMIZATION_LEVEL = "-Onone";
			};
			name = Debug;
		};
		2D82713F2B27E66E00A0F69D /* Release */ = {
			isa = XCBuildConfiguration;
			buildSettings = {
				ALWAYS_SEARCH_USER_PATHS = NO;
				ASSETCATALOG_COMPILER_GENERATE_SWIFT_ASSET_SYMBOL_EXTENSIONS = YES;
				CLANG_ANALYZER_NONNULL = YES;
				CLANG_ANALYZER_NUMBER_OBJECT_CONVERSION = YES_AGGRESSIVE;
				CLANG_CXX_LANGUAGE_STANDARD = "gnu++20";
				CLANG_ENABLE_MODULES = YES;
				CLANG_ENABLE_OBJC_ARC = YES;
				CLANG_ENABLE_OBJC_WEAK = YES;
				CLANG_WARN_BLOCK_CAPTURE_AUTORELEASING = YES;
				CLANG_WARN_BOOL_CONVERSION = YES;
				CLANG_WARN_COMMA = YES;
				CLANG_WARN_CONSTANT_CONVERSION = YES;
				CLANG_WARN_DEPRECATED_OBJC_IMPLEMENTATIONS = YES;
				CLANG_WARN_DIRECT_OBJC_ISA_USAGE = YES_ERROR;
				CLANG_WARN_DOCUMENTATION_COMMENTS = YES;
				CLANG_WARN_EMPTY_BODY = YES;
				CLANG_WARN_ENUM_CONVERSION = YES;
				CLANG_WARN_INFINITE_RECURSION = YES;
				CLANG_WARN_INT_CONVERSION = YES;
				CLANG_WARN_NON_LITERAL_NULL_CONVERSION = YES;
				CLANG_WARN_OBJC_IMPLICIT_RETAIN_SELF = YES;
				CLANG_WARN_OBJC_LITERAL_CONVERSION = YES;
				CLANG_WARN_OBJC_ROOT_CLASS = YES_ERROR;
				CLANG_WARN_QUOTED_INCLUDE_IN_FRAMEWORK_HEADER = YES;
				CLANG_WARN_RANGE_LOOP_ANALYSIS = YES;
				CLANG_WARN_STRICT_PROTOTYPES = YES;
				CLANG_WARN_SUSPICIOUS_MOVE = YES;
				CLANG_WARN_UNGUARDED_AVAILABILITY = YES_AGGRESSIVE;
				CLANG_WARN_UNREACHABLE_CODE = YES;
				CLANG_WARN__DUPLICATE_METHOD_MATCH = YES;
				COPY_PHASE_STRIP = NO;
				DEBUG_INFORMATION_FORMAT = "dwarf-with-dsym";
				ENABLE_NS_ASSERTIONS = NO;
				ENABLE_STRICT_OBJC_MSGSEND = YES;
				ENABLE_USER_SCRIPT_SANDBOXING = YES;
				GCC_C_LANGUAGE_STANDARD = gnu17;
				GCC_NO_COMMON_BLOCKS = YES;
				GCC_WARN_64_TO_32_BIT_CONVERSION = YES;
				GCC_WARN_ABOUT_RETURN_TYPE = YES_ERROR;
				GCC_WARN_UNDECLARED_SELECTOR = YES;
				GCC_WARN_UNINITIALIZED_AUTOS = YES_AGGRESSIVE;
				GCC_WARN_UNUSED_FUNCTION = YES;
				GCC_WARN_UNUSED_VARIABLE = YES;
				IPHONEOS_DEPLOYMENT_TARGET = 17.0;
				LOCALIZATION_PREFERS_STRING_CATALOGS = YES;
				MTL_ENABLE_DEBUG_INFO = NO;
				MTL_FAST_MATH = YES;
				SDKROOT = iphoneos;
				SWIFT_COMPILATION_MODE = wholemodule;
				VALIDATE_PRODUCT = YES;
			};
			name = Release;
		};
		2D8271412B27E66E00A0F69D /* Debug */ = {
			isa = XCBuildConfiguration;
			buildSettings = {
				ASSETCATALOG_COMPILER_APPICON_NAME = AppIcon;
				ASSETCATALOG_COMPILER_GLOBAL_ACCENT_COLOR_NAME = AccentColor;
				CODE_SIGN_STYLE = Automatic;
				CURRENT_PROJECT_VERSION = 1;
				GENERATE_INFOPLIST_FILE = YES;
				INFOPLIST_FILE = storyboardlogin/Info.plist;
				INFOPLIST_KEY_UIApplicationSupportsIndirectInputEvents = YES;
				INFOPLIST_KEY_UILaunchStoryboardName = LaunchScreen;
				INFOPLIST_KEY_UIMainStoryboardFile = Main;
				INFOPLIST_KEY_UISupportedInterfaceOrientations_iPad = "UIInterfaceOrientationPortrait UIInterfaceOrientationPortraitUpsideDown UIInterfaceOrientationLandscapeLeft UIInterfaceOrientationLandscapeRight";
				INFOPLIST_KEY_UISupportedInterfaceOrientations_iPhone = "UIInterfaceOrientationPortrait UIInterfaceOrientationLandscapeLeft UIInterfaceOrientationLandscapeRight";
				LD_RUNPATH_SEARCH_PATHS = (
					"$(inherited)",
					"@executable_path/Frameworks",
				);
				MARKETING_VERSION = 1.0;
				PRODUCT_BUNDLE_IDENTIFIER = beomboo.storyboardlogin;
				PRODUCT_NAME = "$(TARGET_NAME)";
				SWIFT_EMIT_LOC_STRINGS = YES;
				SWIFT_VERSION = 5.0;
				TARGETED_DEVICE_FAMILY = "1,2";
			};
			name = Debug;
		};
		2D8271422B27E66E00A0F69D /* Release */ = {
			isa = XCBuildConfiguration;
			buildSettings = {
				ASSETCATALOG_COMPILER_APPICON_NAME = AppIcon;
				ASSETCATALOG_COMPILER_GLOBAL_ACCENT_COLOR_NAME = AccentColor;
				CODE_SIGN_STYLE = Automatic;
				CURRENT_PROJECT_VERSION = 1;
				GENERATE_INFOPLIST_FILE = YES;
				INFOPLIST_FILE = storyboardlogin/Info.plist;
				INFOPLIST_KEY_UIApplicationSupportsIndirectInputEvents = YES;
				INFOPLIST_KEY_UILaunchStoryboardName = LaunchScreen;
				INFOPLIST_KEY_UIMainStoryboardFile = Main;
				INFOPLIST_KEY_UISupportedInterfaceOrientations_iPad = "UIInterfaceOrientationPortrait UIInterfaceOrientationPortraitUpsideDown UIInterfaceOrientationLandscapeLeft UIInterfaceOrientationLandscapeRight";
				INFOPLIST_KEY_UISupportedInterfaceOrientations_iPhone = "UIInterfaceOrientationPortrait UIInterfaceOrientationLandscapeLeft UIInterfaceOrientationLandscapeRight";
				LD_RUNPATH_SEARCH_PATHS = (
					"$(inherited)",
					"@executable_path/Frameworks",
				);
				MARKETING_VERSION = 1.0;
				PRODUCT_BUNDLE_IDENTIFIER = beomboo.storyboardlogin;
				PRODUCT_NAME = "$(TARGET_NAME)";
				SWIFT_EMIT_LOC_STRINGS = YES;
				SWIFT_VERSION = 5.0;
				TARGETED_DEVICE_FAMILY = "1,2";
			};
			name = Release;
		};
		2D8271442B27E66E00A0F69D /* Debug */ = {
			isa = XCBuildConfiguration;
			buildSettings = {
				ALWAYS_EMBED_SWIFT_STANDARD_LIBRARIES = YES;
				BUNDLE_LOADER = "$(TEST_HOST)";
				CODE_SIGN_STYLE = Automatic;
				CURRENT_PROJECT_VERSION = 1;
				GENERATE_INFOPLIST_FILE = YES;
				IPHONEOS_DEPLOYMENT_TARGET = 17.0;
				MARKETING_VERSION = 1.0;
				PRODUCT_BUNDLE_IDENTIFIER = beomboo.storyboardloginTests;
				PRODUCT_NAME = "$(TARGET_NAME)";
				SWIFT_EMIT_LOC_STRINGS = NO;
				SWIFT_VERSION = 5.0;
				TARGETED_DEVICE_FAMILY = "1,2";
				TEST_HOST = "$(BUILT_PRODUCTS_DIR)/storyboardlogin.app/$(BUNDLE_EXECUTABLE_FOLDER_PATH)/storyboardlogin";
			};
			name = Debug;
		};
		2D8271452B27E66E00A0F69D /* Release */ = {
			isa = XCBuildConfiguration;
			buildSettings = {
				ALWAYS_EMBED_SWIFT_STANDARD_LIBRARIES = YES;
				BUNDLE_LOADER = "$(TEST_HOST)";
				CODE_SIGN_STYLE = Automatic;
				CURRENT_PROJECT_VERSION = 1;
				GENERATE_INFOPLIST_FILE = YES;
				IPHONEOS_DEPLOYMENT_TARGET = 17.0;
				MARKETING_VERSION = 1.0;
				PRODUCT_BUNDLE_IDENTIFIER = beomboo.storyboardloginTests;
				PRODUCT_NAME = "$(TARGET_NAME)";
				SWIFT_EMIT_LOC_STRINGS = NO;
				SWIFT_VERSION = 5.0;
				TARGETED_DEVICE_FAMILY = "1,2";
				TEST_HOST = "$(BUILT_PRODUCTS_DIR)/storyboardlogin.app/$(BUNDLE_EXECUTABLE_FOLDER_PATH)/storyboardlogin";
			};
			name = Release;
		};
		2D8271472B27E66E00A0F69D /* Debug */ = {
			isa = XCBuildConfiguration;
			buildSettings = {
				ALWAYS_EMBED_SWIFT_STANDARD_LIBRARIES = YES;
				CODE_SIGN_STYLE = Automatic;
				CURRENT_PROJECT_VERSION = 1;
				GENERATE_INFOPLIST_FILE = YES;
				MARKETING_VERSION = 1.0;
				PRODUCT_BUNDLE_IDENTIFIER = beomboo.storyboardloginUITests;
				PRODUCT_NAME = "$(TARGET_NAME)";
				SWIFT_EMIT_LOC_STRINGS = NO;
				SWIFT_VERSION = 5.0;
				TARGETED_DEVICE_FAMILY = "1,2";
				TEST_TARGET_NAME = storyboardlogin;
			};
			name = Debug;
		};
		2D8271482B27E66E00A0F69D /* Release */ = {
			isa = XCBuildConfiguration;
			buildSettings = {
				ALWAYS_EMBED_SWIFT_STANDARD_LIBRARIES = YES;
				CODE_SIGN_STYLE = Automatic;
				CURRENT_PROJECT_VERSION = 1;
				GENERATE_INFOPLIST_FILE = YES;
				MARKETING_VERSION = 1.0;
				PRODUCT_BUNDLE_IDENTIFIER = beomboo.storyboardloginUITests;
				PRODUCT_NAME = "$(TARGET_NAME)";
				SWIFT_EMIT_LOC_STRINGS = NO;
				SWIFT_VERSION = 5.0;
				TARGETED_DEVICE_FAMILY = "1,2";
				TEST_TARGET_NAME = storyboardlogin;
			};
			name = Release;
		};
/* End XCBuildConfiguration section */

/* Begin XCConfigurationList section */
		2D8271112B27E66D00A0F69D /* Build configuration list for PBXProject "storyboardlogin" */ = {
			isa = XCConfigurationList;
			buildConfigurations = (
				2D82713E2B27E66E00A0F69D /* Debug */,
				2D82713F2B27E66E00A0F69D /* Release */,
			);
			defaultConfigurationIsVisible = 0;
			defaultConfigurationName = Release;
		};
		2D8271402B27E66E00A0F69D /* Build configuration list for PBXNativeTarget "storyboardlogin" */ = {
			isa = XCConfigurationList;
			buildConfigurations = (
				2D8271412B27E66E00A0F69D /* Debug */,
				2D8271422B27E66E00A0F69D /* Release */,
			);
			defaultConfigurationIsVisible = 0;
			defaultConfigurationName = Release;
		};
		2D8271432B27E66E00A0F69D /* Build configuration list for PBXNativeTarget "storyboardloginTests" */ = {
			isa = XCConfigurationList;
			buildConfigurations = (
				2D8271442B27E66E00A0F69D /* Debug */,
				2D8271452B27E66E00A0F69D /* Release */,
			);
			defaultConfigurationIsVisible = 0;
			defaultConfigurationName = Release;
		};
		2D8271462B27E66E00A0F69D /* Build configuration list for PBXNativeTarget "storyboardloginUITests" */ = {
			isa = XCConfigurationList;
			buildConfigurations = (
				2D8271472B27E66E00A0F69D /* Debug */,
				2D8271482B27E66E00A0F69D /* Release */,
			);
			defaultConfigurationIsVisible = 0;
			defaultConfigurationName = Release;
		};
/* End XCConfigurationList section */
	};
	rootObject = 2D82710E2B27E66D00A0F69D /* Project object */;
}
